[[artifacts]]
id = "native-embedding"
repo = "LLukas22/all-MiniLM-L6-v2-GGUF"
revision = "ae6369f25f3393dcca54ff7b41157ffd2e43e2e6"
llama_hf_model = "LLukas22/all-MiniLM-L6-v2-GGUF:Q8_0"

[[artifacts]]
id = "native-llm"
repo = "ggml-org/gemma-4-E2B-it-GGUF"
revision = "a1dac71d3ab220618f5a7573a52acdc4baf3ae3b"
llama_hf_model = "ggml-org/gemma-4-E2B-it-GGUF:Q8_0"
